// !$*UTF8*$!
{
	archiveVersion = 1;
	classes = {
	};
	objectVersion = 55;
	objects = {

/* Begin PBXBuildFile section */
		6D54AAD9275F8CA500776048 /* AppDelegate.swift in Sources */ = {isa = PBXBuildFile; fileRef = 6D54AAD8275F8CA500776048 /* AppDelegate.swift */; };
		6D54AADB275F8CA500776048 /* SceneDelegate.swift in Sources */ = {isa = PBXBuildFile; fileRef = 6D54AADA275F8CA500776048 /* SceneDelegate.swift */; };
		6D54AADD275F8CA500776048 /* ViewController.swift in Sources */ = {isa = PBXBuildFile; fileRef = 6D54AADC275F8CA500776048 /* ViewController.swift */; };
		6D54AAE0275F8CA500776048 /* Main.storyboard in Resources */ = {isa = PBXBuildFile; fileRef = 6D54AADE275F8CA500776048 /* Main.storyboard */; };
		6D54AAE2275F8CA900776048 /* Assets.xcassets in Resources */ = {isa = PBXBuildFile; fileRef = 6D54AAE1275F8CA900776048 /* Assets.xcassets */; };
		6D54AAE5275F8CA900776048 /* LaunchScreen.storyboard in Resources */ = {isa = PBXBuildFile; fileRef = 6D54AAE3275F8CA900776048 /* LaunchScreen.storyboard */; };
		6D54AAF0275F8CAA00776048 /* EasyMapTests.swift in Sources */ = {isa = PBXBuildFile; fileRef = 6D54AAEF275F8CAA00776048 /* EasyMapTests.swift */; };
		6D54AAFA275F8CAA00776048 /* EasyMapUITests.swift in Sources */ = {isa = PBXBuildFile; fileRef = 6D54AAF9275F8CAA00776048 /* EasyMapUITests.swift */; };
		6D54AAFC275F8CAA00776048 /* EasyMapUITestsLaunchTests.swift in Sources */ = {isa = PBXBuildFile; fileRef = 6D54AAFB275F8CAA00776048 /* EasyMapUITestsLaunchTests.swift */; };
/* End PBXBuildFile section */

/* Begin PBXContainerItemProxy section */
		6D54AAEC275F8CAA00776048 /* PBXContainerItemProxy */ = {
			isa = PBXContainerItemProxy;
			containerPortal = 6D54AACD275F8CA500776048 /* Project object */;
			proxyType = 1;
			remoteGlobalIDString = 6D54AAD4275F8CA500776048;
			remoteInfo = EasyMap;
		};
		6D54AAF6275F8CAA00776048 /* PBXContainerItemProxy */ = {
			isa = PBXContainerItemProxy;
			containerPortal = 6D54AACD275F8CA500776048 /* Project object */;
			proxyType = 1;
			remoteGlobalIDString = 6D54AAD4275F8CA500776048;
			remoteInfo = EasyMap;
		};
/* End PBXContainerItemProxy section */

/* Begin PBXFileReference section */
		6D54AAD5275F8CA500776048 /* EasyMap.app */ = {isa = PBXFileReference; explicitFileType = wrapper.application; includeInIndex = 0; path = EasyMap.app; sourceTree = BUILT_PRODUCTS_DIR; };
		6D54AAD8275F8CA500776048 /* AppDelegate.swift */ = {isa = PBXFileReference; lastKnownFileType = sourcecode.swift; path = AppDelegate.swift; sourceTree = "<group>"; };
		6D54AADA275F8CA500776048 /* SceneDelegate.swift */ = {isa = PBXFileReference; lastKnownFileType = sourcecode.swift; path = SceneDelegate.swift; sourceTree = "<group>"; };
		6D54AADC275F8CA500776048 /* ViewController.swift */ = {isa = PBXFileReference; lastKnownFileType = sourcecode.swift; path = ViewController.swift; sourceTree = "<group>"; };
		6D54AADF275F8CA500776048 /* Base */ = {isa = PBXFileReference; lastKnownFileType = file.storyboard; name = Base; path = Base.lproj/Main.storyboard; sourceTree = "<group>"; };
		6D54AAE1275F8CA900776048 /* Assets.xcassets */ = {isa = PBXFileReference; lastKnownFileType = folder.assetcatalog; path = Assets.xcassets; sourceTree = "<group>"; };
		6D54AAE4275F8CA900776048 /* Base */ = {isa = PBXFileReference; lastKnownFileType = file.storyboard; name = Base; path = Base.lproj/LaunchScreen.storyboard; sourceTree = "<group>"; };
		6D54AAE6275F8CA900776048 /* Info.plist */ = {isa = PBXFileReference; lastKnownFileType = text.plist.xml; path = Info.plist; sourceTree = "<group>"; };
		6D54AAEB275F8CAA00776048 /* EasyMapTests.xctest */ = {isa = PBXFileReference; explicitFileType = wrapper.cfbundle; includeInIndex = 0; path = EasyMapTests.xctest; sourceTree = BUILT_PRODUCTS_DIR; };
		6D54AAEF275F8CAA00776048 /* EasyMapTests.swift */ = {isa = PBXFileReference; lastKnownFileType = sourcecode.swift; path = EasyMapTests.swift; sourceTree = "<group>"; };
		6D54AAF5275F8CAA00776048 /* EasyMapUITests.xctest */ = {isa = PBXFileReference; explicitFileType = wrapper.cfbundle; includeInIndex = 0; path = EasyMapUITests.xctest; sourceTree = BUILT_PRODUCTS_DIR; };
		6D54AAF9275F8CAA00776048 /* EasyMapUITests.swift */ = {isa = PBXFileReference; lastKnownFileType = sourcecode.swift; path = EasyMapUITests.swift; sourceTree = "<group>"; };
		6D54AAFB275F8CAA00776048 /* EasyMapUITestsLaunchTests.swift */ = {isa = PBXFileReference; lastKnownFileType = sourcecode.swift; path = EasyMapUITestsLaunchTests.swift; sourceTree = "<group>"; };
/* End PBXFileReference section */

/* Begin PBXFrameworksBuildPhase section */
		6D54AAD2275F8CA500776048 /* Frameworks */ = {
			isa = PBXFrameworksBuildPhase;
			buildActionMask = 2147483647;
			files = (
			);
			runOnlyForDeploymentPostprocessing = 0;
		};
		6D54AAE8275F8CAA00776048 /* Frameworks */ = {
			isa = PBXFrameworksBuildPhase;
			buildActionMask = 2147483647;
			files = (
			);
			runOnlyForDeploymentPostprocessing = 0;
		};
		6D54AAF2275F8CAA00776048 /* Frameworks */ = {
			isa = PBXFrameworksBuildPhase;
			buildActionMask = 2147483647;
			files = (
			);
			runOnlyForDeploymentPostprocessing = 0;
		};
/* End PBXFrameworksBuildPhase section */

/* Begin PBXGroup section */
		6D54AACC275F8CA500776048 = {
			isa = PBXGroup;
			children = (
				6D54AAD7275F8CA500776048 /* EasyMap */,
				6D54AAEE275F8CAA00776048 /* EasyMapTests */,
				6D54AAF8275F8CAA00776048 /* EasyMapUITests */,
				6D54AAD6275F8CA500776048 /* Products */,
			);
			sourceTree = "<group>";
		};
		6D54AAD6275F8CA500776048 /* Products */ = {
			isa = PBXGroup;
			children = (
				6D54AAD5275F8CA500776048 /* EasyMap.app */,
				6D54AAEB275F8CAA00776048 /* EasyMapTests.xctest */,
				6D54AAF5275F8CAA00776048 /* EasyMapUITests.xctest */,
			);
			name = Products;
			sourceTree = "<group>";
		};
		6D54AAD7275F8CA500776048 /* EasyMap */ = {
			isa = PBXGroup;
			children = (
				6D54AAD8275F8CA500776048 /* AppDelegate.swift */,
				6D54AADA275F8CA500776048 /* SceneDelegate.swift */,
				6D54AADC275F8CA500776048 /* ViewController.swift */,
				6D54AADE275F8CA500776048 /* Main.storyboard */,
				6D54AAE1275F8CA900776048 /* Assets.xcassets */,
				6D54AAE3275F8CA900776048 /* LaunchScreen.storyboard */,
				6D54AAE6275F8CA900776048 /* Info.plist */,
			);
			path = EasyMap;
			sourceTree = "<group>";
		};
		6D54AAEE275F8CAA00776048 /* EasyMapTests */ = {
			isa = PBXGroup;
			children = (
				6D54AAEF275F8CAA00776048 /* EasyMapTests.swift */,
			);
			path = EasyMapTests;
			sourceTree = "<group>";
		};
		6D54AAF8275F8CAA00776048 /* EasyMapUITests */ = {
			isa = PBXGroup;
			children = (
				6D54AAF9275F8CAA00776048 /* EasyMapUITests.swift */,
				6D54AAFB275F8CAA00776048 /* EasyMapUITestsLaunchTests.swift */,
			);
			path = EasyMapUITests;
			sourceTree = "<group>";
		};
/* End PBXGroup section */

/* Begin PBXNativeTarget section */
		6D54AAD4275F8CA500776048 /* EasyMap */ = {
			isa = PBXNativeTarget;
			buildConfigurationList = 6D54AAFF275F8CAA00776048 /* Build configuration list for PBXNativeTarget "EasyMap" */;
			buildPhases = (
				6D54AAD1275F8CA500776048 /* Sources */,
				6D54AAD2275F8CA500776048 /* Frameworks */,
				6D54AAD3275F8CA500776048 /* Resources */,
			);
			buildRules = (
			);
			dependencies = (
			);
			name = EasyMap;
			productName = EasyMap;
			productReference = 6D54AAD5275F8CA500776048 /* EasyMap.app */;
			productType = "com.apple.product-type.application";
		};
		6D54AAEA275F8CAA00776048 /* EasyMapTests */ = {
			isa = PBXNativeTarget;
			buildConfigurationList = 6D54AB02275F8CAA00776048 /* Build configuration list for PBXNativeTarget "EasyMapTests" */;
			buildPhases = (
				6D54AAE7275F8CAA00776048 /* Sources */,
				6D54AAE8275F8CAA00776048 /* Frameworks */,
				6D54AAE9275F8CAA00776048 /* Resources */,
			);
			buildRules = (
			);
			dependencies = (
				6D54AAED275F8CAA00776048 /* PBXTargetDependency */,
			);
			name = EasyMapTests;
			productName = EasyMapTests;
			productReference = 6D54AAEB275F8CAA00776048 /* EasyMapTests.xctest */;
			productType = "com.apple.product-type.bundle.unit-test";
		};
		6D54AAF4275F8CAA00776048 /* EasyMapUITests */ = {
			isa = PBXNativeTarget;
			buildConfigurationList = 6D54AB05275F8CAA00776048 /* Build configuration list for PBXNativeTarget "EasyMapUITests" */;
			buildPhases = (
				6D54AAF1275F8CAA00776048 /* Sources */,
				6D54AAF2275F8CAA00776048 /* Frameworks */,
				6D54AAF3275F8CAA00776048 /* Resources */,
			);
			buildRules = (
			);
			dependencies = (
				6D54AAF7275F8CAA00776048 /* PBXTargetDependency */,
			);
			name = EasyMapUITests;
			productName = EasyMapUITests;
			productReference = 6D54AAF5275F8CAA00776048 /* EasyMapUITests.xctest */;
			productType = "com.apple.product-type.bundle.ui-testing";
		};
/* End PBXNativeTarget section */

/* Begin PBXProject section */
		6D54AACD275F8CA500776048 /* Project object */ = {
			isa = PBXProject;
			attributes = {
				BuildIndependentTargetsInParallel = 1;
				LastSwiftUpdateCheck = 1310;
				LastUpgradeCheck = 1310;
				TargetAttributes = {
					6D54AAD4275F8CA500776048 = {
						CreatedOnToolsVersion = 13.1;
					};
					6D54AAEA275F8CAA00776048 = {
						CreatedOnToolsVersion = 13.1;
						TestTargetID = 6D54AAD4275F8CA500776048;
					};
					6D54AAF4275F8CAA00776048 = {
						CreatedOnToolsVersion = 13.1;
						TestTargetID = 6D54AAD4275F8CA500776048;
					};
				};
			};
			buildConfigurationList = 6D54AAD0275F8CA500776048 /* Build configuration list for PBXProject "EasyMap" */;
			compatibilityVersion = "Xcode 13.0";
			developmentRegion = en;
			hasScannedForEncodings = 0;
			knownRegions = (
				en,
				Base,
			);
			mainGroup = 6D54AACC275F8CA500776048;
			productRefGroup = 6D54AAD6275F8CA500776048 /* Products */;
			projectDirPath = "";
			projectRoot = "";
			targets = (
				6D54AAD4275F8CA500776048 /* EasyMap */,
				6D54AAEA275F8CAA00776048 /* EasyMapTests */,
				6D54AAF4275F8CAA00776048 /* EasyMapUITests */,
			);
		};
/* End PBXProject section */

/* Begin PBXResourcesBuildPhase section */
		6D54AAD3275F8CA500776048 /* Resources */ = {
			isa = PBXResourcesBuildPhase;
			buildActionMask = 2147483647;
			files = (
				6D54AAE5275F8CA900776048 /* LaunchScreen.storyboard in Resources */,
				6D54AAE2275F8CA900776048 /* Assets.xcassets in Resources */,
				6D54AAE0275F8CA500776048 /* Main.storyboard in Resources */,
			);
			runOnlyForDeploymentPostprocessing = 0;
		};
		6D54AAE9275F8CAA00776048 /* Resources */ = {
			isa = PBXResourcesBuildPhase;
			buildActionMask = 2147483647;
			files = (
			);
			runOnlyForDeploymentPostprocessing = 0;
		};
		6D54AAF3275F8CAA00776048 /* Resources */ = {
			isa = PBXResourcesBuildPhase;
			buildActionMask = 2147483647;
			files = (
			);
			runOnlyForDeploymentPostprocessing = 0;
		};
/* End PBXResourcesBuildPhase section */

/* Begin PBXSourcesBuildPhase section */
		6D54AAD1275F8CA500776048 /* Sources */ = {
			isa = PBXSourcesBuildPhase;
			buildActionMask = 2147483647;
			files = (
				6D54AADD275F8CA500776048 /* ViewController.swift in Sources */,
				6D54AAD9275F8CA500776048 /* AppDelegate.swift in Sources */,
				6D54AADB275F8CA500776048 /* SceneDelegate.swift in Sources */,
			);
			runOnlyForDeploymentPostprocessing = 0;
		};
		6D54AAE7275F8CAA00776048 /* Sources */ = {
			isa = PBXSourcesBuildPhase;
			buildActionMask = 2147483647;
			files = (
				6D54AAF0275F8CAA00776048 /* EasyMapTests.swift in Sources */,
			);
			runOnlyForDeploymentPostprocessing = 0;
		};
		6D54AAF1275F8CAA00776048 /* Sources */ = {
			isa = PBXSourcesBuildPhase;
			buildActionMask = 2147483647;
			files = (
				6D54AAFA275F8CAA00776048 /* EasyMapUITests.swift in Sources */,
				6D54AAFC275F8CAA00776048 /* EasyMapUITestsLaunchTests.swift in Sources */,
			);
			runOnlyForDeploymentPostprocessing = 0;
		};
/* End PBXSourcesBuildPhase section */

/* Begin PBXTargetDependency section */
		6D54AAED275F8CAA00776048 /* PBXTargetDependency */ = {
			isa = PBXTargetDependency;
			target = 6D54AAD4275F8CA500776048 /* EasyMap */;
			targetProxy = 6D54AAEC275F8CAA00776048 /* PBXContainerItemProxy */;
		};
		6D54AAF7275F8CAA00776048 /* PBXTargetDependency */ = {
			isa = PBXTargetDependency;
			target = 6D54AAD4275F8CA500776048 /* EasyMap */;
			targetProxy = 6D54AAF6275F8CAA00776048 /* PBXContainerItemProxy */;
		};
/* End PBXTargetDependency section */

/* Begin PBXVariantGroup section */
		6D54AADE275F8CA500776048 /* Main.storyboard */ = {
			isa = PBXVariantGroup;
			children = (
				6D54AADF275F8CA500776048 /* Base */,
			);
			name = Main.storyboard;
			sourceTree = "<group>";
		};
		6D54AAE3275F8CA900776048 /* LaunchScreen.storyboard */ = {
			isa = PBXVariantGroup;
			children = (
				6D54AAE4275F8CA900776048 /* Base */,
			);
			name = LaunchScreen.storyboard;
			sourceTree = "<group>";
		};
/* End PBXVariantGroup section */

/* Begin XCBuildConfiguration section */
		6D54AAFD275F8CAA00776048 /* Debug */ = {
			isa = XCBuildConfiguration;
			buildSettings = {
				ALWAYS_SEARCH_USER_PATHS = NO;
				CLANG_ANALYZER_NONNULL = YES;
				CLANG_ANALYZER_NUMBER_OBJECT_CONVERSION = YES_AGGRESSIVE;
				CLANG_CXX_LANGUAGE_STANDARD = "gnu++17";
				CLANG_CXX_LIBRARY = "libc++";
				CLANG_ENABLE_MODULES = YES;
				CLANG_ENABLE_OBJC_ARC = YES;
				CLANG_ENABLE_OBJC_WEAK = YES;
				CLANG_WARN_BLOCK_CAPTURE_AUTORELEASING = YES;
				CLANG_WARN_BOOL_CONVERSION = YES;
				CLANG_WARN_COMMA = YES;
				CLANG_WARN_CONSTANT_CONVERSION = YES;
				CLANG_WARN_DEPRECATED_OBJC_IMPLEMENTATIONS = YES;
				CLANG_WARN_DIRECT_OBJC_ISA_USAGE = YES_ERROR;
				CLANG_WARN_DOCUMENTATION_COMMENTS = YES;
				CLANG_WARN_EMPTY_BODY = YES;
				CLANG_WARN_ENUM_CONVERSION = YES;
				CLANG_WARN_INFINITE_RECURSION = YES;
				CLANG_WARN_INT_CONVERSION = YES;
				CLANG_WARN_NON_LITERAL_NULL_CONVERSION = YES;
				CLANG_WARN_OBJC_IMPLICIT_RETAIN_SELF = YES;
				CLANG_WARN_OBJC_LITERAL_CONVERSION = YES;
				CLANG_WARN_OBJC_ROOT_CLASS = YES_ERROR;
				CLANG_WARN_QUOTED_INCLUDE_IN_FRAMEWORK_HEADER = YES;
				CLANG_WARN_RANGE_LOOP_ANALYSIS = YES;
				CLANG_WARN_STRICT_PROTOTYPES = YES;
				CLANG_WARN_SUSPICIOUS_MOVE = YES;
				CLANG_WARN_UNGUARDED_AVAILABILITY = YES_AGGRESSIVE;
				CLANG_WARN_UNREACHABLE_CODE = YES;
				CLANG_WARN__DUPLICATE_METHOD_MATCH = YES;
				COPY_PHASE_STRIP = NO;
				DEBUG_INFORMATION_FORMAT = dwarf;
				ENABLE_STRICT_OBJC_MSGSEND = YES;
				ENABLE_TESTABILITY = YES;
				GCC_C_LANGUAGE_STANDARD = gnu11;
				GCC_DYNAMIC_NO_PIC = NO;
				GCC_NO_COMMON_BLOCKS = YES;
				GCC_OPTIMIZATION_LEVEL = 0;
				GCC_PREPROCESSOR_DEFINITIONS = (
					"DEBUG=1",
					"$(inherited)",
				);
				GCC_WARN_64_TO_32_BIT_CONVERSION = YES;
				GCC_WARN_ABOUT_RETURN_TYPE = YES_ERROR;
				GCC_WARN_UNDECLARED_SELECTOR = YES;
				GCC_WARN_UNINITIALIZED_AUTOS = YES_AGGRESSIVE;
				GCC_WARN_UNUSED_FUNCTION = YES;
				GCC_WARN_UNUSED_VARIABLE = YES;
				IPHONEOS_DEPLOYMENT_TARGET = 15.0;
				MTL_ENABLE_DEBUG_INFO = INCLUDE_SOURCE;
				MTL_FAST_MATH = YES;
				ONLY_ACTIVE_ARCH = YES;
				SDKROOT = iphoneos;
				SWIFT_ACTIVE_COMPILATION_CONDITIONS = DEBUG;
				SWIFT_OPTIMIZATION_LEVEL = "-Onone";
			};
			name = Debug;
		};
		6D54AAFE275F8CAA00776048 /* Release */ = {
			isa = XCBuildConfiguration;
			buildSettings = {
				ALWAYS_SEARCH_USER_PATHS = NO;
				CLANG_ANALYZER_NONNULL = YES;
				CLANG_ANALYZER_NUMBER_OBJECT_CONVERSION = YES_AGGRESSIVE;
				CLANG_CXX_LANGUAGE_STANDARD = "gnu++17";
				CLANG_CXX_LIBRARY = "libc++";
				CLANG_ENABLE_MODULES = YES;
				CLANG_ENABLE_OBJC_ARC = YES;
				CLANG_ENABLE_OBJC_WEAK = YES;
				CLANG_WARN_BLOCK_CAPTURE_AUTORELEASING = YES;
				CLANG_WARN_BOOL_CONVERSION = YES;
				CLANG_WARN_COMMA = YES;
				CLANG_WARN_CONSTANT_CONVERSION = YES;
				CLANG_WARN_DEPRECATED_OBJC_IMPLEMENTATIONS = YES;
				CLANG_WARN_DIRECT_OBJC_ISA_USAGE = YES_ERROR;
				CLANG_WARN_DOCUMENTATION_COMMENTS = YES;
				CLANG_WARN_EMPTY_BODY = YES;
				CLANG_WARN_ENUM_CONVERSION = YES;
				CLANG_WARN_INFINITE_RECURSION = YES;
				CLANG_WARN_INT_CONVERSION = YES;
				CLANG_WARN_NON_LITERAL_NULL_CONVERSION = YES;
				CLANG_WARN_OBJC_IMPLICIT_RETAIN_SELF = YES;
				CLANG_WARN_OBJC_LITERAL_CONVERSION = YES;
				CLANG_WARN_OBJC_ROOT_CLASS = YES_ERROR;
				CLANG_WARN_QUOTED_INCLUDE_IN_FRAMEWORK_HEADER = YES;
				CLANG_WARN_RANGE_LOOP_ANALYSIS = YES;
				CLANG_WARN_STRICT_PROTOTYPES = YES;
				CLANG_WARN_SUSPICIOUS_MOVE = YES;
				CLANG_WARN_UNGUARDED_AVAILABILITY = YES_AGGRESSIVE;
				CLANG_WARN_UNREACHABLE_CODE = YES;
				CLANG_WARN__DUPLICATE_METHOD_MATCH = YES;
				COPY_PHASE_STRIP = NO;
				DEBUG_INFORMATION_FORMAT = "dwarf-with-dsym";
				ENABLE_NS_ASSERTIONS = NO;
				ENABLE_STRICT_OBJC_MSGSEND = YES;
				GCC_C_LANGUAGE_STANDARD = gnu11;
				GCC_NO_COMMON_BLOCKS = YES;
				GCC_WARN_64_TO_32_BIT_CONVERSION = YES;
				GCC_WARN_ABOUT_RETURN_TYPE = YES_ERROR;
				GCC_WARN_UNDECLARED_SELECTOR = YES;
				GCC_WARN_UNINITIALIZED_AUTOS = YES_AGGRESSIVE;
				GCC_WARN_UNUSED_FUNCTION = YES;
				GCC_WARN_UNUSED_VARIABLE = YES;
				IPHONEOS_DEPLOYMENT_TARGET = 15.0;
				MTL_ENABLE_DEBUG_INFO = NO;
				MTL_FAST_MATH = YES;
				SDKROOT = iphoneos;
				SWIFT_COMPILATION_MODE = wholemodule;
				SWIFT_OPTIMIZATION_LEVEL = "-O";
				VALIDATE_PRODUCT = YES;
			};
			name = Release;
		};
		6D54AB00275F8CAA00776048 /* Debug */ = {
			isa = XCBuildConfiguration;
			buildSettings = {
				ASSETCATALOG_COMPILER_APPICON_NAME = AppIcon;
				ASSETCATALOG_COMPILER_GLOBAL_ACCENT_COLOR_NAME = AccentColor;
				CODE_SIGN_STYLE = Automatic;
				CURRENT_PROJECT_VERSION = 1;
				DEVELOPMENT_TEAM = 7982CT9CJ4;
				GENERATE_INFOPLIST_FILE = YES;
				INFOPLIST_FILE = EasyMap/Info.plist;
				INFOPLIST_KEY_UIApplicationSupportsIndirectInputEvents = YES;
				INFOPLIST_KEY_UILaunchStoryboardName = LaunchScreen;
				INFOPLIST_KEY_UIMainStoryboardFile = Main;
				INFOPLIST_KEY_UISupportedInterfaceOrientations_iPad = "UIInterfaceOrientationPortrait UIInterfaceOrientationPortraitUpsideDown UIInterfaceOrientationLandscapeLeft UIInterfaceOrientationLandscapeRight";
				INFOPLIST_KEY_UISupportedInterfaceOrientations_iPhone = "UIInterfaceOrientationPortrait UIInterfaceOrientationLandscapeLeft UIInterfaceOrientationLandscapeRight";
				LD_RUNPATH_SEARCH_PATHS = (
					"$(inherited)",
					"@executable_path/Frameworks",
				);
				MARKETING_VERSION = 1.0;
				PRODUCT_BUNDLE_IDENTIFIER = "Yuki-Maitani.EasyMap";
				PRODUCT_NAME = "$(TARGET_NAME)";
				SWIFT_EMIT_LOC_STRINGS = YES;
				SWIFT_VERSION = 5.0;
				TARGETED_DEVICE_FAMILY = "1,2";
			};
			name = Debug;
		};
		6D54AB01275F8CAA00776048 /* Release */ = {
			isa = XCBuildConfiguration;
			buildSettings = {
				ASSETCATALOG_COMPILER_APPICON_NAME = AppIcon;
				ASSETCATALOG_COMPILER_GLOBAL_ACCENT_COLOR_NAME = AccentColor;
				CODE_SIGN_STYLE = Automatic;
				CURRENT_PROJECT_VERSION = 1;
				DEVELOPMENT_TEAM = 7982CT9CJ4;
				GENERATE_INFOPLIST_FILE = YES;
				INFOPLIST_FILE = EasyMap/Info.plist;
				INFOPLIST_KEY_UIApplicationSupportsIndirectInputEvents = YES;
				INFOPLIST_KEY_UILaunchStoryboardName = LaunchScreen;
				INFOPLIST_KEY_UIMainStoryboardFile = Main;
				INFOPLIST_KEY_UISupportedInterfaceOrientations_iPad = "UIInterfaceOrientationPortrait UIInterfaceOrientationPortraitUpsideDown UIInterfaceOrientationLandscapeLeft UIInterfaceOrientationLandscapeRight";
				INFOPLIST_KEY_UISupportedInterfaceOrientations_iPhone = "UIInterfaceOrientationPortrait UIInterfaceOrientationLandscapeLeft UIInterfaceOrientationLandscapeRight";
				LD_RUNPATH_SEARCH_PATHS = (
					"$(inherited)",
					"@executable_path/Frameworks",
				);
				MARKETING_VERSION = 1.0;
				PRODUCT_BUNDLE_IDENTIFIER = "Yuki-Maitani.EasyMap";
				PRODUCT_NAME = "$(TARGET_NAME)";
				SWIFT_EMIT_LOC_STRINGS = YES;
				SWIFT_VERSION = 5.0;
				TARGETED_DEVICE_FAMILY = "1,2";
			};
			name = Release;
		};
		6D54AB03275F8CAA00776048 /* Debug */ = {
			isa = XCBuildConfiguration;
			buildSettings = {
				ALWAYS_EMBED_SWIFT_STANDARD_LIBRARIES = YES;
				BUNDLE_LOADER = "$(TEST_HOST)";
				CODE_SIGN_STYLE = Automatic;
				CURRENT_PROJECT_VERSION = 1;
				DEVELOPMENT_TEAM = 7982CT9CJ4;
				GENERATE_INFOPLIST_FILE = YES;
				IPHONEOS_DEPLOYMENT_TARGET = 15.0;
				LD_RUNPATH_SEARCH_PATHS = (
					"$(inherited)",
					"@executable_path/Frameworks",
					"@loader_path/Frameworks",
				);
				MARKETING_VERSION = 1.0;
				PRODUCT_BUNDLE_IDENTIFIER = "Yuki-Maitani.EasyMapTests";
				PRODUCT_NAME = "$(TARGET_NAME)";
				SWIFT_EMIT_LOC_STRINGS = NO;
				SWIFT_VERSION = 5.0;
				TARGETED_DEVICE_FAMILY = "1,2";
				TEST_HOST = "$(BUILT_PRODUCTS_DIR)/EasyMap.app/EasyMap";
			};
			name = Debug;
		};
		6D54AB04275F8CAA00776048 /* Release */ = {
			isa = XCBuildConfiguration;
			buildSettings = {
				ALWAYS_EMBED_SWIFT_STANDARD_LIBRARIES = YES;
				BUNDLE_LOADER = "$(TEST_HOST)";
				CODE_SIGN_STYLE = Automatic;
				CURRENT_PROJECT_VERSION = 1;
				DEVELOPMENT_TEAM = 7982CT9CJ4;
				GENERATE_INFOPLIST_FILE = YES;
				IPHONEOS_DEPLOYMENT_TARGET = 15.0;
				LD_RUNPATH_SEARCH_PATHS = (
					"$(inherited)",
					"@executable_path/Frameworks",
					"@loader_path/Frameworks",
				);
				MARKETING_VERSION = 1.0;
				PRODUCT_BUNDLE_IDENTIFIER = "Yuki-Maitani.EasyMapTests";
				PRODUCT_NAME = "$(TARGET_NAME)";
				SWIFT_EMIT_LOC_STRINGS = NO;
				SWIFT_VERSION = 5.0;
				TARGETED_DEVICE_FAMILY = "1,2";
				TEST_HOST = "$(BUILT_PRODUCTS_DIR)/EasyMap.app/EasyMap";
			};
			name = Release;
		};
		6D54AB06275F8CAA00776048 /* Debug */ = {
			isa = XCBuildConfiguration;
			buildSettings = {
				ALWAYS_EMBED_SWIFT_STANDARD_LIBRARIES = YES;
				CODE_SIGN_STYLE = Automatic;
				CURRENT_PROJECT_VERSION = 1;
				DEVELOPMENT_TEAM = 7982CT9CJ4;
				GENERATE_INFOPLIST_FILE = YES;
				LD_RUNPATH_SEARCH_PATHS = (
					"$(inherited)",
					"@executable_path/Frameworks",
					"@loader_path/Frameworks",
				);
				MARKETING_VERSION = 1.0;
				PRODUCT_BUNDLE_IDENTIFIER = "Yuki-Maitani.EasyMapUITests";
				PRODUCT_NAME = "$(TARGET_NAME)";
				SWIFT_EMIT_LOC_STRINGS = NO;
				SWIFT_VERSION = 5.0;
				TARGETED_DEVICE_FAMILY = "1,2";
				TEST_TARGET_NAME = EasyMap;
			};
			name = Debug;
		};
		6D54AB07275F8CAA00776048 /* Release */ = {
			isa = XCBuildConfiguration;
			buildSettings = {
				ALWAYS_EMBED_SWIFT_STANDARD_LIBRARIES = YES;
				CODE_SIGN_STYLE = Automatic;
				CURRENT_PROJECT_VERSION = 1;
				DEVELOPMENT_TEAM = 7982CT9CJ4;
				GENERATE_INFOPLIST_FILE = YES;
				LD_RUNPATH_SEARCH_PATHS = (
					"$(inherited)",
					"@executable_path/Frameworks",
					"@loader_path/Frameworks",
				);
				MARKETING_VERSION = 1.0;
				PRODUCT_BUNDLE_IDENTIFIER = "Yuki-Maitani.EasyMapUITests";
				PRODUCT_NAME = "$(TARGET_NAME)";
				SWIFT_EMIT_LOC_STRINGS = NO;
				SWIFT_VERSION = 5.0;
				TARGETED_DEVICE_FAMILY = "1,2";
				TEST_TARGET_NAME = EasyMap;
			};
			name = Release;
		};
/* End XCBuildConfiguration section */

/* Begin XCConfigurationList section */
		6D54AAD0275F8CA500776048 /* Build configuration list for PBXProject "EasyMap" */ = {
			isa = XCConfigurationList;
			buildConfigurations = (
				6D54AAFD275F8CAA00776048 /* Debug */,
				6D54AAFE275F8CAA00776048 /* Release */,
			);
			defaultConfigurationIsVisible = 0;
			defaultConfigurationName = Release;
		};
		6D54AAFF275F8CAA00776048 /* Build configuration list for PBXNativeTarget "EasyMap" */ = {
			isa = XCConfigurationList;
			buildConfigurations = (
				6D54AB00275F8CAA00776048 /* Debug */,
				6D54AB01275F8CAA00776048 /* Release */,
			);
			defaultConfigurationIsVisible = 0;
			defaultConfigurationName = Release;
		};
		6D54AB02275F8CAA00776048 /* Build configuration list for PBXNativeTarget "EasyMapTests" */ = {
			isa = XCConfigurationList;
			buildConfigurations = (
				6D54AB03275F8CAA00776048 /* Debug */,
				6D54AB04275F8CAA00776048 /* Release */,
			);
			defaultConfigurationIsVisible = 0;
			defaultConfigurationName = Release;
		};
		6D54AB05275F8CAA00776048 /* Build configuration list for PBXNativeTarget "EasyMapUITests" */ = {
			isa = XCConfigurationList;
			buildConfigurations = (
				6D54AB06275F8CAA00776048 /* Debug */,
				6D54AB07275F8CAA00776048 /* Release */,
			);
			defaultConfigurationIsVisible = 0;
			defaultConfigurationName = Release;
		};
/* End XCConfigurationList section */
	};
	rootObject = 6D54AACD275F8CA500776048 /* Project object */;
}
